
Microsoft Visual Studio Solution File, Format Version 12.00
# Visual Studio Version 17
VisualStudioVersion = 17.4.33213.308
MinimumVisualStudioVersion = 10.0.40219.1
Project("{FAE04EC0-301F-11D3-BF4B-00C04F79EFBC}") = "WindowsHelper", "WindowsHelper\WindowsHelper.csproj", "{5417E9A8-E6D8-489C-A396-3FBE87C786B0}"
EndProject
Global
	GlobalSection(SolutionConfigurationPlatforms) = preSolution
		Debug|Any CPU = Debug|Any CPU
		Release|Any CPU = Release|Any CPU
	EndGlobalSection
	GlobalSection(ProjectConfigurationPlatforms) = postSolution
		{5417E9A8-E6D8-489C-A396-3FBE87C786B0}.Debug|Any CPU.ActiveCfg = Debug|Any CPU
		{5417E9A8-E6D8-489C-A396-3FBE87C786B0}.Debug|Any CPU.Build.0 = Debug|Any CPU
		{5417E9A8-E6D8-489C-A396-3FBE87C786B0}.Release|Any CPU.ActiveCfg = Release|Any CPU
		{5417E9A8-E6D8-489C-A396-3FBE87C786B0}.Release|Any CPU.Build.0 = Release|Any CPU
	EndGlobalSection
	GlobalSection(SolutionProperties) = preSolution
		HideSolutionNode = FALSE
	EndGlobalSection
	GlobalSection(ExtensibilityGlobals) = postSolution
		SolutionGuid = {32C09262-CF8E-48ED-A204-49BBC684C423}
	EndGlobalSection
EndGlobal
